
Microsoft Visual Studio Solution File, Format Version 12.00
# Visual Studio 15
VisualStudioVersion = 15.0.27130.2027
MinimumVisualStudioVersion = 10.0.40219.1
Project("{FAE04EC0-301F-11D3-BF4B-00C04F79EFBC}") = "HoraLocal.Android", "HoraLocal\HoraLocal.Android\HoraLocal.Android.csproj", "{5C51B39C-9003-4BF6-9CAC-6BB565A092A2}"
EndProject
Project("{FAE04EC0-301F-11D3-BF4B-00C04F79EFBC}") = "HoraLocal.iOS", "HoraLocal\HoraLocal.iOS\HoraLocal.iOS.csproj", "{DAEDC2DF-AE07-4B6E-8D78-929C63F24F87}"
EndProject
Project("{FAE04EC0-301F-11D3-BF4B-00C04F79EFBC}") = "HoraLocal.UWP", "HoraLocal\HoraLocal.UWP\HoraLocal.UWP.csproj", "{6BE06E38-FFEE-4D81-9E03-B9C94AFF4CD0}"
EndProject
Project("{FAE04EC0-301F-11D3-BF4B-00C04F79EFBC}") = "HoraLocal", "HoraLocal\HoraLocal\HoraLocal.csproj", "{6B28508F-A9BE-4C80-A619-BC1A091F4ADF}"
EndProject
Global
	GlobalSection(SolutionConfigurationPlatforms) = preSolution
		Ad-Hoc|Any CPU = Ad-Hoc|Any CPU
		Ad-Hoc|ARM = Ad-Hoc|ARM
		Ad-Hoc|iPhone = Ad-Hoc|iPhone
		Ad-Hoc|iPhoneSimulator = Ad-Hoc|iPhoneSimulator
		Ad-Hoc|x64 = Ad-Hoc|x64
		Ad-Hoc|x86 = Ad-Hoc|x86
		AppStore|Any CPU = AppStore|Any CPU
		AppStore|ARM = AppStore|ARM
		AppStore|iPhone = AppStore|iPhone
		AppStore|iPhoneSimulator = AppStore|iPhoneSimulator
		AppStore|x64 = AppStore|x64
		AppStore|x86 = AppStore|x86
		Debug|Any CPU = Debug|Any CPU
		Debug|ARM = Debug|ARM
		Debug|iPhone = Debug|iPhone
		Debug|iPhoneSimulator = Debug|iPhoneSimulator
		Debug|x64 = Debug|x64
		Debug|x86 = Debug|x86
		Release|Any CPU = Release|Any CPU
		Release|ARM = Release|ARM
		Release|iPhone = Release|iPhone
		Release|iPhoneSimulator = Release|iPhoneSimulator
		Release|x64 = Release|x64
		Release|x86 = Release|x86
	EndGlobalSection
	GlobalSection(ProjectConfigurationPlatforms) = postSolution
		{5C51B39C-9003-4BF6-9CAC-6BB565A092A2}.Ad-Hoc|Any CPU.ActiveCfg = Release|Any CPU
		{5C51B39C-9003-4BF6-9CAC-6BB565A092A2}.Ad-Hoc|Any CPU.Build.0 = Release|Any CPU
		{5C51B39C-9003-4BF6-9CAC-6BB565A092A2}.Ad-Hoc|Any CPU.Deploy.0 = Release|Any CPU
		{5C51B39C-9003-4BF6-9CAC-6BB565A092A2}.Ad-Hoc|ARM.ActiveCfg = Release|Any CPU
		{5C51B39C-9003-4BF6-9CAC-6BB565A092A2}.Ad-Hoc|ARM.Build.0 = Release|Any CPU
		{5C51B39C-9003-4BF6-9CAC-6BB565A092A2}.Ad-Hoc|ARM.Deploy.0 = Release|Any CPU
		{5C51B39C-9003-4BF6-9CAC-6BB565A092A2}.Ad-Hoc|iPhone.ActiveCfg = Release|Any CPU
		{5C51B39C-9003-4BF6-9CAC-6BB565A092A2}.Ad-Hoc|iPhone.Build.0 = Release|Any CPU
		{5C51B39C-9003-4BF6-9CAC-6BB565A092A2}.Ad-Hoc|iPhone.Deploy.0 = Release|Any CPU
		{5C51B39C-9003-4BF6-9CAC-6BB565A092A2}.Ad-Hoc|iPhoneSimulator.ActiveCfg = Release|Any CPU
		{5C51B39C-9003-4BF6-9CAC-6BB565A092A2}.Ad-Hoc|iPhoneSimulator.Build.0 = Release|Any CPU
		{5C51B39C-9003-4BF6-9CAC-6BB565A092A2}.Ad-Hoc|iPhoneSimulator.Deploy.0 = Release|Any CPU
		{5C51B39C-9003-4BF6-9CAC-6BB565A092A2}.Ad-Hoc|x64.ActiveCfg = Release|Any CPU
		{5C51B39C-9003-4BF6-9CAC-6BB565A092A2}.Ad-Hoc|x64.Build.0 = Release|Any CPU
		{5C51B39C-9003-4BF6-9CAC-6BB565A092A2}.Ad-Hoc|x64.Deploy.0 = Release|Any CPU
		{5C51B39C-9003-4BF6-9CAC-6BB565A092A2}.Ad-Hoc|x86.ActiveCfg = Release|Any CPU
		{5C51B39C-9003-4BF6-9CAC-6BB565A092A2}.Ad-Hoc|x86.Build.0 = Release|Any CPU
		{5C51B39C-9003-4BF6-9CAC-6BB565A092A2}.Ad-Hoc|x86.Deploy.0 = Release|Any CPU
		{5C51B39C-9003-4BF6-9CAC-6BB565A092A2}.AppStore|Any CPU.ActiveCfg = Release|Any CPU
		{5C51B39C-9003-4BF6-9CAC-6BB565A092A2}.AppStore|Any CPU.Build.0 = Release|Any CPU
		{5C51B39C-9003-4BF6-9CAC-6BB565A092A2}.AppStore|Any CPU.Deploy.0 = Release|Any CPU
		{5C51B39C-9003-4BF6-9CAC-6BB565A092A2}.AppStore|ARM.ActiveCfg = Release|Any CPU
		{5C51B39C-9003-4BF6-9CAC-6BB565A092A2}.AppStore|ARM.Build.0 = Release|Any CPU
		{5C51B39C-9003-4BF6-9CAC-6BB565A092A2}.AppStore|ARM.Deploy.0 = Release|Any CPU
		{5C51B39C-9003-4BF6-9CAC-6BB565A092A2}.AppStore|iPhone.ActiveCfg = Release|Any CPU
		{5C51B39C-9003-4BF6-9CAC-6BB565A092A2}.AppStore|iPhone.Build.0 = Release|Any CPU
		{5C51B39C-9003-4BF6-9CAC-6BB565A092A2}.AppStore|iPhone.Deploy.0 = Release|Any CPU
		{5C51B39C-9003-4BF6-9CAC-6BB565A092A2}.AppStore|iPhoneSimulator.ActiveCfg = Release|Any CPU
		{5C51B39C-9003-4BF6-9CAC-6BB565A092A2}.AppStore|iPhoneSimulator.Build.0 = Release|Any CPU
		{5C51B39C-9003-4BF6-9CAC-6BB565A092A2}.AppStore|iPhoneSimulator.Deploy.0 = Release|Any CPU
		{5C51B39C-9003-4BF6-9CAC-6BB565A092A2}.AppStore|x64.ActiveCfg = Release|Any CPU
		{5C51B39C-9003-4BF6-9CAC-6BB565A092A2}.AppStore|x64.Build.0 = Release|Any CPU
		{5C51B39C-9003-4BF6-9CAC-6BB565A092A2}.AppStore|x64.Deploy.0 = Release|Any CPU
		{5C51B39C-9003-4BF6-9CAC-6BB565A092A2}.AppStore|x86.ActiveCfg = Release|Any CPU
		{5C51B39C-9003-4BF6-9CAC-6BB565A092A2}.AppStore|x86.Build.0 = Release|Any CPU
		{5C51B39C-9003-4BF6-9CAC-6BB565A092A2}.AppStore|x86.Deploy.0 = Release|Any CPU
		{5C51B39C-9003-4BF6-9CAC-6BB565A092A2}.Debug|Any CPU.ActiveCfg = Debug|Any CPU
		{5C51B39C-9003-4BF6-9CAC-6BB565A092A2}.Debug|Any CPU.Build.0 = Debug|Any CPU
		{5C51B39C-9003-4BF6-9CAC-6BB565A092A2}.Debug|Any CPU.Deploy.0 = Debug|Any CPU
		{5C51B39C-9003-4BF6-9CAC-6BB565A092A2}.Debug|ARM.ActiveCfg = Debug|Any CPU
		{5C51B39C-9003-4BF6-9CAC-6BB565A092A2}.Debug|ARM.Build.0 = Debug|Any CPU
		{5C51B39C-9003-4BF6-9CAC-6BB565A092A2}.Debug|ARM.Deploy.0 = Debug|Any CPU
		{5C51B39C-9003-4BF6-9CAC-6BB565A092A2}.Debug|iPhone.ActiveCfg = Debug|Any CPU
		{5C51B39C-9003-4BF6-9CAC-6BB565A092A2}.Debug|iPhone.Build.0 = Debug|Any CPU
		{5C51B39C-9003-4BF6-9CAC-6BB565A092A2}.Debug|iPhone.Deploy.0 = Debug|Any CPU
		{5C51B39C-9003-4BF6-9CAC-6BB565A092A2}.Debug|iPhoneSimulator.ActiveCfg = Debug|Any CPU
		{5C51B39C-9003-4BF6-9CAC-6BB565A092A2}.Debug|iPhoneSimulator.Build.0 = Debug|Any CPU
		{5C51B39C-9003-4BF6-9CAC-6BB565A092A2}.Debug|iPhoneSimulator.Deploy.0 = Debug|Any CPU
		{5C51B39C-9003-4BF6-9CAC-6BB565A092A2}.Debug|x64.ActiveCfg = Debug|Any CPU
		{5C51B39C-9003-4BF6-9CAC-6BB565A092A2}.Debug|x64.Build.0 = Debug|Any CPU
		{5C51B39C-9003-4BF6-9CAC-6BB565A092A2}.Debug|x64.Deploy.0 = Debug|Any CPU
		{5C51B39C-9003-4BF6-9CAC-6BB565A092A2}.Debug|x86.ActiveCfg = Debug|Any CPU
		{5C51B39C-9003-4BF6-9CAC-6BB565A092A2}.Debug|x86.Build.0 = Debug|Any CPU
		{5C51B39C-9003-4BF6-9CAC-6BB565A092A2}.Debug|x86.Deploy.0 = Debug|Any CPU
		{5C51B39C-9003-4BF6-9CAC-6BB565A092A2}.Release|Any CPU.ActiveCfg = Release|Any CPU
		{5C51B39C-9003-4BF6-9CAC-6BB565A092A2}.Release|Any CPU.Build.0 = Release|Any CPU
		{5C51B39C-9003-4BF6-9CAC-6BB565A092A2}.Release|Any CPU.Deploy.0 = Release|Any CPU
		{5C51B39C-9003-4BF6-9CAC-6BB565A092A2}.Release|ARM.ActiveCfg = Release|Any CPU
		{5C51B39C-9003-4BF6-9CAC-6BB565A092A2}.Release|ARM.Build.0 = Release|Any CPU
		{5C51B39C-9003-4BF6-9CAC-6BB565A092A2}.Release|ARM.Deploy.0 = Release|Any CPU
		{5C51B39C-9003-4BF6-9CAC-6BB565A092A2}.Release|iPhone.ActiveCfg = Release|Any CPU
		{5C51B39C-9003-4BF6-9CAC-6BB565A092A2}.Release|iPhone.Build.0 = Release|Any CPU
		{5C51B39C-9003-4BF6-9CAC-6BB565A092A2}.Release|iPhone.Deploy.0 = Release|Any CPU
		{5C51B39C-9003-4BF6-9CAC-6BB565A092A2}.Release|iPhoneSimulator.ActiveCfg = Release|Any CPU
		{5C51B39C-9003-4BF6-9CAC-6BB565A092A2}.Release|iPhoneSimulator.Build.0 = Release|Any CPU
		{5C51B39C-9003-4BF6-9CAC-6BB565A092A2}.Release|iPhoneSimulator.Deploy.0 = Release|Any CPU
		{5C51B39C-9003-4BF6-9CAC-6BB565A092A2}.Release|x64.ActiveCfg = Release|Any CPU
		{5C51B39C-9003-4BF6-9CAC-6BB565A092A2}.Release|x64.Build.0 = Release|Any CPU
		{5C51B39C-9003-4BF6-9CAC-6BB565A092A2}.Release|x64.Deploy.0 = Release|Any CPU
		{5C51B39C-9003-4BF6-9CAC-6BB565A092A2}.Release|x86.ActiveCfg = Release|Any CPU
		{5C51B39C-9003-4BF6-9CAC-6BB565A092A2}.Release|x86.Build.0 = Release|Any CPU
		{5C51B39C-9003-4BF6-9CAC-6BB565A092A2}.Release|x86.Deploy.0 = Release|Any CPU
		{DAEDC2DF-AE07-4B6E-8D78-929C63F24F87}.Ad-Hoc|Any CPU.ActiveCfg = Ad-Hoc|iPhone
		{DAEDC2DF-AE07-4B6E-8D78-929C63F24F87}.Ad-Hoc|ARM.ActiveCfg = Ad-Hoc|iPhone
		{DAEDC2DF-AE07-4B6E-8D78-929C63F24F87}.Ad-Hoc|iPhone.ActiveCfg = Ad-Hoc|iPhone
		{DAEDC2DF-AE07-4B6E-8D78-929C63F24F87}.Ad-Hoc|iPhone.Build.0 = Ad-Hoc|iPhone
		{DAEDC2DF-AE07-4B6E-8D78-929C63F24F87}.Ad-Hoc|iPhoneSimulator.ActiveCfg = Ad-Hoc|iPhoneSimulator
		{DAEDC2DF-AE07-4B6E-8D78-929C63F24F87}.Ad-Hoc|iPhoneSimulator.Build.0 = Ad-Hoc|iPhoneSimulator
		{DAEDC2DF-AE07-4B6E-8D78-929C63F24F87}.Ad-Hoc|x64.ActiveCfg = Ad-Hoc|iPhone
		{DAEDC2DF-AE07-4B6E-8D78-929C63F24F87}.Ad-Hoc|x86.ActiveCfg = Ad-Hoc|iPhone
		{DAEDC2DF-AE07-4B6E-8D78-929C63F24F87}.AppStore|Any CPU.ActiveCfg = AppStore|iPhone
		{DAEDC2DF-AE07-4B6E-8D78-929C63F24F87}.AppStore|ARM.ActiveCfg = AppStore|iPhone
		{DAEDC2DF-AE07-4B6E-8D78-929C63F24F87}.AppStore|iPhone.ActiveCfg = AppStore|iPhone
		{DAEDC2DF-AE07-4B6E-8D78-929C63F24F87}.AppStore|iPhone.Build.0 = AppStore|iPhone
		{DAEDC2DF-AE07-4B6E-8D78-929C63F24F87}.AppStore|iPhoneSimulator.ActiveCfg = AppStore|iPhoneSimulator
		{DAEDC2DF-AE07-4B6E-8D78-929C63F24F87}.AppStore|iPhoneSimulator.Build.0 = AppStore|iPhoneSimulator
		{DAEDC2DF-AE07-4B6E-8D78-929C63F24F87}.AppStore|x64.ActiveCfg = AppStore|iPhone
		{DAEDC2DF-AE07-4B6E-8D78-929C63F24F87}.AppStore|x86.ActiveCfg = AppStore|iPhone
		{DAEDC2DF-AE07-4B6E-8D78-929C63F24F87}.Debug|Any CPU.ActiveCfg = Debug|iPhone
		{DAEDC2DF-AE07-4B6E-8D78-929C63F24F87}.Debug|ARM.ActiveCfg = Debug|iPhone
		{DAEDC2DF-AE07-4B6E-8D78-929C63F24F87}.Debug|iPhone.ActiveCfg = Debug|iPhone
		{DAEDC2DF-AE07-4B6E-8D78-929C63F24F87}.Debug|iPhone.Build.0 = Debug|iPhone
		{DAEDC2DF-AE07-4B6E-8D78-929C63F24F87}.Debug|iPhoneSimulator.ActiveCfg = Debug|iPhoneSimulator
		{DAEDC2DF-AE07-4B6E-8D78-929C63F24F87}.Debug|iPhoneSimulator.Build.0 = Debug|iPhoneSimulator
		{DAEDC2DF-AE07-4B6E-8D78-929C63F24F87}.Debug|x64.ActiveCfg = Debug|iPhone
		{DAEDC2DF-AE07-4B6E-8D78-929C63F24F87}.Debug|x86.ActiveCfg = Debug|iPhone
		{DAEDC2DF-AE07-4B6E-8D78-929C63F24F87}.Release|Any CPU.ActiveCfg = Release|iPhone
		{DAEDC2DF-AE07-4B6E-8D78-929C63F24F87}.Release|ARM.ActiveCfg = Release|iPhone
		{DAEDC2DF-AE07-4B6E-8D78-929C63F24F87}.Release|iPhone.ActiveCfg = Release|iPhone
		{DAEDC2DF-AE07-4B6E-8D78-929C63F24F87}.Release|iPhone.Build.0 = Release|iPhone
		{DAEDC2DF-AE07-4B6E-8D78-929C63F24F87}.Release|iPhoneSimulator.ActiveCfg = Release|iPhoneSimulator
		{DAEDC2DF-AE07-4B6E-8D78-929C63F24F87}.Release|iPhoneSimulator.Build.0 = Release|iPhoneSimulator
		{DAEDC2DF-AE07-4B6E-8D78-929C63F24F87}.Release|x64.ActiveCfg = Release|iPhone
		{DAEDC2DF-AE07-4B6E-8D78-929C63F24F87}.Release|x86.ActiveCfg = Release|iPhone
		{6BE06E38-FFEE-4D81-9E03-B9C94AFF4CD0}.Ad-Hoc|Any CPU.ActiveCfg = Release|x86
		{6BE06E38-FFEE-4D81-9E03-B9C94AFF4CD0}.Ad-Hoc|Any CPU.Build.0 = Release|x86
		{6BE06E38-FFEE-4D81-9E03-B9C94AFF4CD0}.Ad-Hoc|Any CPU.Deploy.0 = Release|x86
		{6BE06E38-FFEE-4D81-9E03-B9C94AFF4CD0}.Ad-Hoc|ARM.ActiveCfg = Release|ARM
		{6BE06E38-FFEE-4D81-9E03-B9C94AFF4CD0}.Ad-Hoc|ARM.Build.0 = Release|ARM
		{6BE06E38-FFEE-4D81-9E03-B9C94AFF4CD0}.Ad-Hoc|ARM.Deploy.0 = Release|ARM
		{6BE06E38-FFEE-4D81-9E03-B9C94AFF4CD0}.Ad-Hoc|iPhone.ActiveCfg = Release|x86
		{6BE06E38-FFEE-4D81-9E03-B9C94AFF4CD0}.Ad-Hoc|iPhone.Build.0 = Release|x86
		{6BE06E38-FFEE-4D81-9E03-B9C94AFF4CD0}.Ad-Hoc|iPhone.Deploy.0 = Release|x86
		{6BE06E38-FFEE-4D81-9E03-B9C94AFF4CD0}.Ad-Hoc|iPhoneSimulator.ActiveCfg = Release|x86
		{6BE06E38-FFEE-4D81-9E03-B9C94AFF4CD0}.Ad-Hoc|iPhoneSimulator.Build.0 = Release|x86
		{6BE06E38-FFEE-4D81-9E03-B9C94AFF4CD0}.Ad-Hoc|iPhoneSimulator.Deploy.0 = Release|x86
		{6BE06E38-FFEE-4D81-9E03-B9C94AFF4CD0}.Ad-Hoc|x64.ActiveCfg = Release|x64
		{6BE06E38-FFEE-4D81-9E03-B9C94AFF4CD0}.Ad-Hoc|x64.Build.0 = Release|x64
		{6BE06E38-FFEE-4D81-9E03-B9C94AFF4CD0}.Ad-Hoc|x64.Deploy.0 = Release|x64
		{6BE06E38-FFEE-4D81-9E03-B9C94AFF4CD0}.Ad-Hoc|x86.ActiveCfg = Release|x86
		{6BE06E38-FFEE-4D81-9E03-B9C94AFF4CD0}.Ad-Hoc|x86.Build.0 = Release|x86
		{6BE06E38-FFEE-4D81-9E03-B9C94AFF4CD0}.Ad-Hoc|x86.Deploy.0 = Release|x86
		{6BE06E38-FFEE-4D81-9E03-B9C94AFF4CD0}.AppStore|Any CPU.ActiveCfg = Release|x86
		{6BE06E38-FFEE-4D81-9E03-B9C94AFF4CD0}.AppStore|Any CPU.Build.0 = Release|x86
		{6BE06E38-FFEE-4D81-9E03-B9C94AFF4CD0}.AppStore|Any CPU.Deploy.0 = Release|x86
		{6BE06E38-FFEE-4D81-9E03-B9C94AFF4CD0}.AppStore|ARM.ActiveCfg = Release|ARM
		{6BE06E38-FFEE-4D81-9E03-B9C94AFF4CD0}.AppStore|ARM.Build.0 = Release|ARM
		{6BE06E38-FFEE-4D81-9E03-B9C94AFF4CD0}.AppStore|ARM.Deploy.0 = Release|ARM
		{6BE06E38-FFEE-4D81-9E03-B9C94AFF4CD0}.AppStore|iPhone.ActiveCfg = Release|x86
		{6BE06E38-FFEE-4D81-9E03-B9C94AFF4CD0}.AppStore|iPhone.Build.0 = Release|x86
		{6BE06E38-FFEE-4D81-9E03-B9C94AFF4CD0}.AppStore|iPhone.Deploy.0 = Release|x86
		{6BE06E38-FFEE-4D81-9E03-B9C94AFF4CD0}.AppStore|iPhoneSimulator.ActiveCfg = Release|x86
		{6BE06E38-FFEE-4D81-9E03-B9C94AFF4CD0}.AppStore|iPhoneSimulator.Build.0 = Release|x86
		{6BE06E38-FFEE-4D81-9E03-B9C94AFF4CD0}.AppStore|iPhoneSimulator.Deploy.0 = Release|x86
		{6BE06E38-FFEE-4D81-9E03-B9C94AFF4CD0}.AppStore|x64.ActiveCfg = Release|x64
		{6BE06E38-FFEE-4D81-9E03-B9C94AFF4CD0}.AppStore|x64.Build.0 = Release|x64
		{6BE06E38-FFEE-4D81-9E03-B9C94AFF4CD0}.AppStore|x64.Deploy.0 = Release|x64
		{6BE06E38-FFEE-4D81-9E03-B9C94AFF4CD0}.AppStore|x86.ActiveCfg = Release|x86
		{6BE06E38-FFEE-4D81-9E03-B9C94AFF4CD0}.AppStore|x86.Build.0 = Release|x86
		{6BE06E38-FFEE-4D81-9E03-B9C94AFF4CD0}.AppStore|x86.Deploy.0 = Release|x86
		{6BE06E38-FFEE-4D81-9E03-B9C94AFF4CD0}.Debug|Any CPU.ActiveCfg = Debug|x86
		{6BE06E38-FFEE-4D81-9E03-B9C94AFF4CD0}.Debug|ARM.ActiveCfg = Debug|ARM
		{6BE06E38-FFEE-4D81-9E03-B9C94AFF4CD0}.Debug|ARM.Build.0 = Debug|ARM
		{6BE06E38-FFEE-4D81-9E03-B9C94AFF4CD0}.Debug|ARM.Deploy.0 = Debug|ARM
		{6BE06E38-FFEE-4D81-9E03-B9C94AFF4CD0}.Debug|iPhone.ActiveCfg = Debug|x86
		{6BE06E38-FFEE-4D81-9E03-B9C94AFF4CD0}.Debug|iPhoneSimulator.ActiveCfg = Debug|x86
		{6BE06E38-FFEE-4D81-9E03-B9C94AFF4CD0}.Debug|x64.ActiveCfg = Debug|x64
		{6BE06E38-FFEE-4D81-9E03-B9C94AFF4CD0}.Debug|x64.Build.0 = Debug|x64
		{6BE06E38-FFEE-4D81-9E03-B9C94AFF4CD0}.Debug|x64.Deploy.0 = Debug|x64
		{6BE06E38-FFEE-4D81-9E03-B9C94AFF4CD0}.Debug|x86.ActiveCfg = Debug|x86
		{6BE06E38-FFEE-4D81-9E03-B9C94AFF4CD0}.Debug|x86.Build.0 = Debug|x86
		{6BE06E38-FFEE-4D81-9E03-B9C94AFF4CD0}.Debug|x86.Deploy.0 = Debug|x86
		{6BE06E38-FFEE-4D81-9E03-B9C94AFF4CD0}.Release|Any CPU.ActiveCfg = Release|x86
		{6BE06E38-FFEE-4D81-9E03-B9C94AFF4CD0}.Release|ARM.ActiveCfg = Release|ARM
		{6BE06E38-FFEE-4D81-9E03-B9C94AFF4CD0}.Release|ARM.Build.0 = Release|ARM
		{6BE06E38-FFEE-4D81-9E03-B9C94AFF4CD0}.Release|ARM.Deploy.0 = Release|ARM
		{6BE06E38-FFEE-4D81-9E03-B9C94AFF4CD0}.Release|iPhone.ActiveCfg = Release|x86
		{6BE06E38-FFEE-4D81-9E03-B9C94AFF4CD0}.Release|iPhoneSimulator.ActiveCfg = Release|x86
		{6BE06E38-FFEE-4D81-9E03-B9C94AFF4CD0}.Release|x64.ActiveCfg = Release|x64
		{6BE06E38-FFEE-4D81-9E03-B9C94AFF4CD0}.Release|x64.Build.0 = Release|x64
		{6BE06E38-FFEE-4D81-9E03-B9C94AFF4CD0}.Release|x64.Deploy.0 = Release|x64
		{6BE06E38-FFEE-4D81-9E03-B9C94AFF4CD0}.Release|x86.ActiveCfg = Release|x86
		{6BE06E38-FFEE-4D81-9E03-B9C94AFF4CD0}.Release|x86.Build.0 = Release|x86
		{6BE06E38-FFEE-4D81-9E03-B9C94AFF4CD0}.Release|x86.Deploy.0 = Release|x86
		{6B28508F-A9BE-4C80-A619-BC1A091F4ADF}.Ad-Hoc|Any CPU.ActiveCfg = Debug|Any CPU
		{6B28508F-A9BE-4C80-A619-BC1A091F4ADF}.Ad-Hoc|Any CPU.Build.0 = Debug|Any CPU
		{6B28508F-A9BE-4C80-A619-BC1A091F4ADF}.Ad-Hoc|ARM.ActiveCfg = Debug|Any CPU
		{6B28508F-A9BE-4C80-A619-BC1A091F4ADF}.Ad-Hoc|ARM.Build.0 = Debug|Any CPU
		{6B28508F-A9BE-4C80-A619-BC1A091F4ADF}.Ad-Hoc|iPhone.ActiveCfg = Debug|Any CPU
		{6B28508F-A9BE-4C80-A619-BC1A091F4ADF}.Ad-Hoc|iPhone.Build.0 = Debug|Any CPU
		{6B28508F-A9BE-4C80-A619-BC1A091F4ADF}.Ad-Hoc|iPhoneSimulator.ActiveCfg = Debug|Any CPU
		{6B28508F-A9BE-4C80-A619-BC1A091F4ADF}.Ad-Hoc|iPhoneSimulator.Build.0 = Debug|Any CPU
		{6B28508F-A9BE-4C80-A619-BC1A091F4ADF}.Ad-Hoc|x64.ActiveCfg = Debug|Any CPU
		{6B28508F-A9BE-4C80-A619-BC1A091F4ADF}.Ad-Hoc|x64.Build.0 = Debug|Any CPU
		{6B28508F-A9BE-4C80-A619-BC1A091F4ADF}.Ad-Hoc|x86.ActiveCfg = Debug|Any CPU
		{6B28508F-A9BE-4C80-A619-BC1A091F4ADF}.Ad-Hoc|x86.Build.0 = Debug|Any CPU
		{6B28508F-A9BE-4C80-A619-BC1A091F4ADF}.AppStore|Any CPU.ActiveCfg = Debug|Any CPU
		{6B28508F-A9BE-4C80-A619-BC1A091F4ADF}.AppStore|Any CPU.Build.0 = Debug|Any CPU
		{6B28508F-A9BE-4C80-A619-BC1A091F4ADF}.AppStore|ARM.ActiveCfg = Debug|Any CPU
		{6B28508F-A9BE-4C80-A619-BC1A091F4ADF}.AppStore|ARM.Build.0 = Debug|Any CPU
		{6B28508F-A9BE-4C80-A619-BC1A091F4ADF}.AppStore|iPhone.ActiveCfg = Debug|Any CPU
		{6B28508F-A9BE-4C80-A619-BC1A091F4ADF}.AppStore|iPhone.Build.0 = Debug|Any CPU
		{6B28508F-A9BE-4C80-A619-BC1A091F4ADF}.AppStore|iPhoneSimulator.ActiveCfg = Debug|Any CPU
		{6B28508F-A9BE-4C80-A619-BC1A091F4ADF}.AppStore|iPhoneSimulator.Build.0 = Debug|Any CPU
		{6B28508F-A9BE-4C80-A619-BC1A091F4ADF}.AppStore|x64.ActiveCfg = Debug|Any CPU
		{6B28508F-A9BE-4C80-A619-BC1A091F4ADF}.AppStore|x64.Build.0 = Debug|Any CPU
		{6B28508F-A9BE-4C80-A619-BC1A091F4ADF}.AppStore|x86.ActiveCfg = Debug|Any CPU
		{6B28508F-A9BE-4C80-A619-BC1A091F4ADF}.AppStore|x86.Build.0 = Debug|Any CPU
		{6B28508F-A9BE-4C80-A619-BC1A091F4ADF}.Debug|Any CPU.ActiveCfg = Debug|Any CPU
		{6B28508F-A9BE-4C80-A619-BC1A091F4ADF}.Debug|Any CPU.Build.0 = Debug|Any CPU
		{6B28508F-A9BE-4C80-A619-BC1A091F4ADF}.Debug|ARM.ActiveCfg = Debug|Any CPU
		{6B28508F-A9BE-4C80-A619-BC1A091F4ADF}.Debug|ARM.Build.0 = Debug|Any CPU
		{6B28508F-A9BE-4C80-A619-BC1A091F4ADF}.Debug|iPhone.ActiveCfg = Debug|Any CPU
		{6B28508F-A9BE-4C80-A619-BC1A091F4ADF}.Debug|iPhone.Build.0 = Debug|Any CPU
		{6B28508F-A9BE-4C80-A619-BC1A091F4ADF}.Debug|iPhoneSimulator.ActiveCfg = Debug|Any CPU
		{6B28508F-A9BE-4C80-A619-BC1A091F4ADF}.Debug|iPhoneSimulator.Build.0 = Debug|Any CPU
		{6B28508F-A9BE-4C80-A619-BC1A091F4ADF}.Debug|x64.ActiveCfg = Debug|Any CPU
		{6B28508F-A9BE-4C80-A619-BC1A091F4ADF}.Debug|x64.Build.0 = Debug|Any CPU
		{6B28508F-A9BE-4C80-A619-BC1A091F4ADF}.Debug|x86.ActiveCfg = Debug|Any CPU
		{6B28508F-A9BE-4C80-A619-BC1A091F4ADF}.Debug|x86.Build.0 = Debug|Any CPU
		{6B28508F-A9BE-4C80-A619-BC1A091F4ADF}.Release|Any CPU.ActiveCfg = Release|Any CPU
		{6B28508F-A9BE-4C80-A619-BC1A091F4ADF}.Release|Any CPU.Build.0 = Release|Any CPU
		{6B28508F-A9BE-4C80-A619-BC1A091F4ADF}.Release|ARM.ActiveCfg = Release|Any CPU
		{6B28508F-A9BE-4C80-A619-BC1A091F4ADF}.Release|ARM.Build.0 = Release|Any CPU
		{6B28508F-A9BE-4C80-A619-BC1A091F4ADF}.Release|iPhone.ActiveCfg = Release|Any CPU
		{6B28508F-A9BE-4C80-A619-BC1A091F4ADF}.Release|iPhone.Build.0 = Release|Any CPU
		{6B28508F-A9BE-4C80-A619-BC1A091F4ADF}.Release|iPhoneSimulator.ActiveCfg = Release|Any CPU
		{6B28508F-A9BE-4C80-A619-BC1A091F4ADF}.Release|iPhoneSimulator.Build.0 = Release|Any CPU
		{6B28508F-A9BE-4C80-A619-BC1A091F4ADF}.Release|x64.ActiveCfg = Release|Any CPU
		{6B28508F-A9BE-4C80-A619-BC1A091F4ADF}.Release|x64.Build.0 = Release|Any CPU
		{6B28508F-A9BE-4C80-A619-BC1A091F4ADF}.Release|x86.ActiveCfg = Release|Any CPU
		{6B28508F-A9BE-4C80-A619-BC1A091F4ADF}.Release|x86.Build.0 = Release|Any CPU
	EndGlobalSection
	GlobalSection(SolutionProperties) = preSolution
		HideSolutionNode = FALSE
	EndGlobalSection
	GlobalSection(ExtensibilityGlobals) = postSolution
		SolutionGuid = {B6213373-BF99-4138-9D6B-89BF3DFEF714}
	EndGlobalSection
EndGlobal
